
Microsoft Visual Studio Solution File, Format Version 12.00
Project("{FAE04EC0-301F-11D3-BF4B-00C04F79EFBC}") = "Zadanie5", "Zadanie5.csproj", "{8391A7FA-9E48-4E8F-9739-B7C4BC64348A}"
EndProject
Global
	GlobalSection(SolutionConfigurationPlatforms) = preSolution
		Debug|Any CPU = Debug|Any CPU
		Release|Any CPU = Release|Any CPU
	EndGlobalSection
	GlobalSection(ProjectConfigurationPlatforms) = postSolution
		{8391A7FA-9E48-4E8F-9739-B7C4BC64348A}.Debug|Any CPU.ActiveCfg = Debug|Any CPU
		{8391A7FA-9E48-4E8F-9739-B7C4BC64348A}.Debug|Any CPU.Build.0 = Debug|Any CPU
		{8391A7FA-9E48-4E8F-9739-B7C4BC64348A}.Release|Any CPU.ActiveCfg = Release|Any CPU
		{8391A7FA-9E48-4E8F-9739-B7C4BC64348A}.Release|Any CPU.Build.0 = Release|Any CPU
	EndGlobalSection
EndGlobal
